{
  "name": "@orobsonn/claude-harness",
  "version": "0.56.0",
  "lockfileVersion": 3,
  "requires": true,
  "packages": {
    "": {
      "name": "@orobsonn/claude-harness",
      "version": "0.56.0",
      "license": "MIT",
      "bin": {
        "claude-harness": "core/claude-code/skills/initializing-projects/references/cli.mjs"
      },
      "engines": {
        "node": ">=18"
      }
    }
  }
}
